
Microsoft Visual Studio Solution File, Format Version 12.00
# Visual Studio Version 17
VisualStudioVersion = 17.14.36202.13 d17.14
MinimumVisualStudioVersion = 10.0.40219.1
Project("{FAE04EC0-301F-11D3-BF4B-00C04F79EFBC}") = "CleanNet.Api", "CleanNet.Api\CleanNet.Api.csproj", "{97FF8D04-A59A-4DAA-8E20-D99BC73B882C}"
EndProject
Project("{FAE04EC0-301F-11D3-BF4B-00C04F79EFBC}") = "CleanNet.Domain", "CleanNet.Domain\CleanNet.Domain.csproj", "{3C310FBB-0B8C-4D2B-B86A-2360F6CE5C7D}"
EndProject
Project("{FAE04EC0-301F-11D3-BF4B-00C04F79EFBC}") = "CleanNet.Application", "CleanNet.Application\CleanNet.Application.csproj", "{689DE7FB-161A-4A1D-95CA-260E43161DF7}"
EndProject
Project("{FAE04EC0-301F-11D3-BF4B-00C04F79EFBC}") = "CleanNet.Infra", "CleanNet.Infra\CleanNet.Infra.csproj", "{9A9CF060-6A7D-452A-985C-64189913EC95}"
EndProject
Global
	GlobalSection(SolutionConfigurationPlatforms) = preSolution
		Debug|Any CPU = Debug|Any CPU
		Release|Any CPU = Release|Any CPU
	EndGlobalSection
	GlobalSection(ProjectConfigurationPlatforms) = postSolution
		{97FF8D04-A59A-4DAA-8E20-D99BC73B882C}.Debug|Any CPU.ActiveCfg = Debug|Any CPU
		{97FF8D04-A59A-4DAA-8E20-D99BC73B882C}.Debug|Any CPU.Build.0 = Debug|Any CPU
		{97FF8D04-A59A-4DAA-8E20-D99BC73B882C}.Release|Any CPU.ActiveCfg = Release|Any CPU
		{97FF8D04-A59A-4DAA-8E20-D99BC73B882C}.Release|Any CPU.Build.0 = Release|Any CPU
		{3C310FBB-0B8C-4D2B-B86A-2360F6CE5C7D}.Debug|Any CPU.ActiveCfg = Debug|Any CPU
		{3C310FBB-0B8C-4D2B-B86A-2360F6CE5C7D}.Debug|Any CPU.Build.0 = Debug|Any CPU
		{3C310FBB-0B8C-4D2B-B86A-2360F6CE5C7D}.Release|Any CPU.ActiveCfg = Release|Any CPU
		{3C310FBB-0B8C-4D2B-B86A-2360F6CE5C7D}.Release|Any CPU.Build.0 = Release|Any CPU
		{689DE7FB-161A-4A1D-95CA-260E43161DF7}.Debug|Any CPU.ActiveCfg = Debug|Any CPU
		{689DE7FB-161A-4A1D-95CA-260E43161DF7}.Debug|Any CPU.Build.0 = Debug|Any CPU
		{689DE7FB-161A-4A1D-95CA-260E43161DF7}.Release|Any CPU.ActiveCfg = Release|Any CPU
		{689DE7FB-161A-4A1D-95CA-260E43161DF7}.Release|Any CPU.Build.0 = Release|Any CPU
		{9A9CF060-6A7D-452A-985C-64189913EC95}.Debug|Any CPU.ActiveCfg = Debug|Any CPU
		{9A9CF060-6A7D-452A-985C-64189913EC95}.Debug|Any CPU.Build.0 = Debug|Any CPU
		{9A9CF060-6A7D-452A-985C-64189913EC95}.Release|Any CPU.ActiveCfg = Release|Any CPU
		{9A9CF060-6A7D-452A-985C-64189913EC95}.Release|Any CPU.Build.0 = Release|Any CPU
	EndGlobalSection
	GlobalSection(SolutionProperties) = preSolution
		HideSolutionNode = FALSE
	EndGlobalSection
	GlobalSection(ExtensibilityGlobals) = postSolution
		SolutionGuid = {8BB99FD2-8902-42F3-A031-3CA3B881E61E}
	EndGlobalSection
EndGlobal
